
Microsoft Visual Studio Solution File, Format Version 12.00
# Visual Studio Version 16
VisualStudioVersion = 16.0.31025.218
MinimumVisualStudioVersion = 10.0.40219.1
Project("{FAE04EC0-301F-11D3-BF4B-00C04F79EFBC}") = "FTeam.OV", "FTeam.OV\FTeam.OV.csproj", "{5833115E-9EAB-4417-BA5F-6107C6F948BB}"
EndProject
Project("{2150E333-8FDC-42A3-9474-1A3956D46DE8}") = "Src", "Src", "{67CD0765-FC47-47D2-8F23-434B027F6C35}"
EndProject
Global
	GlobalSection(SolutionConfigurationPlatforms) = preSolution
		Debug|Any CPU = Debug|Any CPU
		Release|Any CPU = Release|Any CPU
	EndGlobalSection
	GlobalSection(ProjectConfigurationPlatforms) = postSolution
		{5833115E-9EAB-4417-BA5F-6107C6F948BB}.Debug|Any CPU.ActiveCfg = Debug|Any CPU
		{5833115E-9EAB-4417-BA5F-6107C6F948BB}.Debug|Any CPU.Build.0 = Debug|Any CPU
		{5833115E-9EAB-4417-BA5F-6107C6F948BB}.Release|Any CPU.ActiveCfg = Release|Any CPU
		{5833115E-9EAB-4417-BA5F-6107C6F948BB}.Release|Any CPU.Build.0 = Release|Any CPU
	EndGlobalSection
	GlobalSection(SolutionProperties) = preSolution
		HideSolutionNode = FALSE
	EndGlobalSection
	GlobalSection(NestedProjects) = preSolution
		{5833115E-9EAB-4417-BA5F-6107C6F948BB} = {67CD0765-FC47-47D2-8F23-434B027F6C35}
	EndGlobalSection
	GlobalSection(ExtensibilityGlobals) = postSolution
		SolutionGuid = {909F9F73-EC4D-4EE6-A780-98F4871C2FB3}
	EndGlobalSection
EndGlobal
